// !$*UTF8*$!
{
	archiveVersion = 1;
	classes = {
	};
	objectVersion = 56;
	objects = {

/* Begin PBXBuildFile section */
		D7B9DA202AD45F2F0092C3B5 /* AppDelegate.swift in Sources */ = {isa = PBXBuildFile; fileRef = D7B9DA1F2AD45F2F0092C3B5 /* AppDelegate.swift */; };
		D7B9DA222AD45F2F0092C3B5 /* SceneDelegate.swift in Sources */ = {isa = PBXBuildFile; fileRef = D7B9DA212AD45F2F0092C3B5 /* SceneDelegate.swift */; };
		D7B9DA242AD45F2F0092C3B5 /* ViewController.swift in Sources */ = {isa = PBXBuildFile; fileRef = D7B9DA232AD45F2F0092C3B5 /* ViewController.swift */; };
		D7B9DA272AD45F2F0092C3B5 /* Main.storyboard in Resources */ = {isa = PBXBuildFile; fileRef = D7B9DA252AD45F2F0092C3B5 /* Main.storyboard */; };
		D7B9DA292AD45F2F0092C3B5 /* Assets.xcassets in Resources */ = {isa = PBXBuildFile; fileRef = D7B9DA282AD45F2F0092C3B5 /* Assets.xcassets */; };
		D7B9DA2C2AD45F2F0092C3B5 /* LaunchScreen.storyboard in Resources */ = {isa = PBXBuildFile; fileRef = D7B9DA2A2AD45F2F0092C3B5 /* LaunchScreen.storyboard */; };
		D7B9DA372AD45F300092C3B5 /* StoryWingsTests.swift in Sources */ = {isa = PBXBuildFile; fileRef = D7B9DA362AD45F300092C3B5 /* StoryWingsTests.swift */; };
		D7B9DA412AD45F300092C3B5 /* StoryWingsUITests.swift in Sources */ = {isa = PBXBuildFile; fileRef = D7B9DA402AD45F300092C3B5 /* StoryWingsUITests.swift */; };
		D7B9DA432AD45F300092C3B5 /* StoryWingsUITestsLaunchTests.swift in Sources */ = {isa = PBXBuildFile; fileRef = D7B9DA422AD45F300092C3B5 /* StoryWingsUITestsLaunchTests.swift */; };
		D7E510022AD9018B00A1A445 /* FirstViewController.swift in Sources */ = {isa = PBXBuildFile; fileRef = D7E510012AD9018B00A1A445 /* FirstViewController.swift */; };
/* End PBXBuildFile section */

/* Begin PBXContainerItemProxy section */
		D7B9DA332AD45F300092C3B5 /* PBXContainerItemProxy */ = {
			isa = PBXContainerItemProxy;
			containerPortal = D7B9DA142AD45F2F0092C3B5 /* Project object */;
			proxyType = 1;
			remoteGlobalIDString = D7B9DA1B2AD45F2F0092C3B5;
			remoteInfo = StoryWings;
		};
		D7B9DA3D2AD45F300092C3B5 /* PBXContainerItemProxy */ = {
			isa = PBXContainerItemProxy;
			containerPortal = D7B9DA142AD45F2F0092C3B5 /* Project object */;
			proxyType = 1;
			remoteGlobalIDString = D7B9DA1B2AD45F2F0092C3B5;
			remoteInfo = StoryWings;
		};
/* End PBXContainerItemProxy section */

/* Begin PBXFileReference section */
		D7B9DA1C2AD45F2F0092C3B5 /* StoryWings.app */ = {isa = PBXFileReference; explicitFileType = wrapper.application; includeInIndex = 0; path = StoryWings.app; sourceTree = BUILT_PRODUCTS_DIR; };
		D7B9DA1F2AD45F2F0092C3B5 /* AppDelegate.swift */ = {isa = PBXFileReference; lastKnownFileType = sourcecode.swift; path = AppDelegate.swift; sourceTree = "<group>"; };
		D7B9DA212AD45F2F0092C3B5 /* SceneDelegate.swift */ = {isa = PBXFileReference; lastKnownFileType = sourcecode.swift; path = SceneDelegate.swift; sourceTree = "<group>"; };
		D7B9DA232AD45F2F0092C3B5 /* ViewController.swift */ = {isa = PBXFileReference; lastKnownFileType = sourcecode.swift; path = ViewController.swift; sourceTree = "<group>"; };
		D7B9DA262AD45F2F0092C3B5 /* Base */ = {isa = PBXFileReference; lastKnownFileType = file.storyboard; name = Base; path = Base.lproj/Main.storyboard; sourceTree = "<group>"; };
		D7B9DA282AD45F2F0092C3B5 /* Assets.xcassets */ = {isa = PBXFileReference; lastKnownFileType = folder.assetcatalog; path = Assets.xcassets; sourceTree = "<group>"; };
		D7B9DA2B2AD45F2F0092C3B5 /* Base */ = {isa = PBXFileReference; lastKnownFileType = file.storyboard; name = Base; path = Base.lproj/LaunchScreen.storyboard; sourceTree = "<group>"; };
		D7B9DA2D2AD45F2F0092C3B5 /* Info.plist */ = {isa = PBXFileReference; lastKnownFileType = text.plist.xml; path = Info.plist; sourceTree = "<group>"; };
		D7B9DA322AD45F300092C3B5 /* StoryWingsTests.xctest */ = {isa = PBXFileReference; explicitFileType = wrapper.cfbundle; includeInIndex = 0; path = StoryWingsTests.xctest; sourceTree = BUILT_PRODUCTS_DIR; };
		D7B9DA362AD45F300092C3B5 /* StoryWingsTests.swift */ = {isa = PBXFileReference; lastKnownFileType = sourcecode.swift; path = StoryWingsTests.swift; sourceTree = "<group>"; };
		D7B9DA3C2AD45F300092C3B5 /* StoryWingsUITests.xctest */ = {isa = PBXFileReference; explicitFileType = wrapper.cfbundle; includeInIndex = 0; path = StoryWingsUITests.xctest; sourceTree = BUILT_PRODUCTS_DIR; };
		D7B9DA402AD45F300092C3B5 /* StoryWingsUITests.swift */ = {isa = PBXFileReference; lastKnownFileType = sourcecode.swift; path = StoryWingsUITests.swift; sourceTree = "<group>"; };
		D7B9DA422AD45F300092C3B5 /* StoryWingsUITestsLaunchTests.swift */ = {isa = PBXFileReference; lastKnownFileType = sourcecode.swift; path = StoryWingsUITestsLaunchTests.swift; sourceTree = "<group>"; };
		D7E510012AD9018B00A1A445 /* FirstViewController.swift */ = {isa = PBXFileReference; lastKnownFileType = sourcecode.swift; path = FirstViewController.swift; sourceTree = "<group>"; };
/* End PBXFileReference section */

/* Begin PBXFrameworksBuildPhase section */
		D7B9DA192AD45F2F0092C3B5 /* Frameworks */ = {
			isa = PBXFrameworksBuildPhase;
			buildActionMask = 2147483647;
			files = (
			);
			runOnlyForDeploymentPostprocessing = 0;
		};
		D7B9DA2F2AD45F300092C3B5 /* Frameworks */ = {
			isa = PBXFrameworksBuildPhase;
			buildActionMask = 2147483647;
			files = (
			);
			runOnlyForDeploymentPostprocessing = 0;
		};
		D7B9DA392AD45F300092C3B5 /* Frameworks */ = {
			isa = PBXFrameworksBuildPhase;
			buildActionMask = 2147483647;
			files = (
			);
			runOnlyForDeploymentPostprocessing = 0;
		};
/* End PBXFrameworksBuildPhase section */

/* Begin PBXGroup section */
		D7B9DA132AD45F2F0092C3B5 = {
			isa = PBXGroup;
			children = (
				D7B9DA1E2AD45F2F0092C3B5 /* StoryWings */,
				D7B9DA352AD45F300092C3B5 /* StoryWingsTests */,
				D7B9DA3F2AD45F300092C3B5 /* StoryWingsUITests */,
				D7B9DA1D2AD45F2F0092C3B5 /* Products */,
			);
			sourceTree = "<group>";
		};
		D7B9DA1D2AD45F2F0092C3B5 /* Products */ = {
			isa = PBXGroup;
			children = (
				D7B9DA1C2AD45F2F0092C3B5 /* StoryWings.app */,
				D7B9DA322AD45F300092C3B5 /* StoryWingsTests.xctest */,
				D7B9DA3C2AD45F300092C3B5 /* StoryWingsUITests.xctest */,
			);
			name = Products;
			sourceTree = "<group>";
		};
		D7B9DA1E2AD45F2F0092C3B5 /* StoryWings */ = {
			isa = PBXGroup;
			children = (
				D7B9DA1F2AD45F2F0092C3B5 /* AppDelegate.swift */,
				D7B9DA212AD45F2F0092C3B5 /* SceneDelegate.swift */,
				D7B9DA232AD45F2F0092C3B5 /* ViewController.swift */,
				D7B9DA252AD45F2F0092C3B5 /* Main.storyboard */,
				D7B9DA282AD45F2F0092C3B5 /* Assets.xcassets */,
				D7B9DA2A2AD45F2F0092C3B5 /* LaunchScreen.storyboard */,
				D7B9DA2D2AD45F2F0092C3B5 /* Info.plist */,
				D7E510012AD9018B00A1A445 /* FirstViewController.swift */,
			);
			path = StoryWings;
			sourceTree = "<group>";
		};
		D7B9DA352AD45F300092C3B5 /* StoryWingsTests */ = {
			isa = PBXGroup;
			children = (
				D7B9DA362AD45F300092C3B5 /* StoryWingsTests.swift */,
			);
			path = StoryWingsTests;
			sourceTree = "<group>";
		};
		D7B9DA3F2AD45F300092C3B5 /* StoryWingsUITests */ = {
			isa = PBXGroup;
			children = (
				D7B9DA402AD45F300092C3B5 /* StoryWingsUITests.swift */,
				D7B9DA422AD45F300092C3B5 /* StoryWingsUITestsLaunchTests.swift */,
			);
			path = StoryWingsUITests;
			sourceTree = "<group>";
		};
/* End PBXGroup section */

/* Begin PBXNativeTarget section */
		D7B9DA1B2AD45F2F0092C3B5 /* StoryWings */ = {
			isa = PBXNativeTarget;
			buildConfigurationList = D7B9DA462AD45F300092C3B5 /* Build configuration list for PBXNativeTarget "StoryWings" */;
			buildPhases = (
				D7B9DA182AD45F2F0092C3B5 /* Sources */,
				D7B9DA192AD45F2F0092C3B5 /* Frameworks */,
				D7B9DA1A2AD45F2F0092C3B5 /* Resources */,
			);
			buildRules = (
			);
			dependencies = (
			);
			name = StoryWings;
			productName = StoryWings;
			productReference = D7B9DA1C2AD45F2F0092C3B5 /* StoryWings.app */;
			productType = "com.apple.product-type.application";
		};
		D7B9DA312AD45F300092C3B5 /* StoryWingsTests */ = {
			isa = PBXNativeTarget;
			buildConfigurationList = D7B9DA492AD45F300092C3B5 /* Build configuration list for PBXNativeTarget "StoryWingsTests" */;
			buildPhases = (
				D7B9DA2E2AD45F300092C3B5 /* Sources */,
				D7B9DA2F2AD45F300092C3B5 /* Frameworks */,
				D7B9DA302AD45F300092C3B5 /* Resources */,
			);
			buildRules = (
			);
			dependencies = (
				D7B9DA342AD45F300092C3B5 /* PBXTargetDependency */,
			);
			name = StoryWingsTests;
			productName = StoryWingsTests;
			productReference = D7B9DA322AD45F300092C3B5 /* StoryWingsTests.xctest */;
			productType = "com.apple.product-type.bundle.unit-test";
		};
		D7B9DA3B2AD45F300092C3B5 /* StoryWingsUITests */ = {
			isa = PBXNativeTarget;
			buildConfigurationList = D7B9DA4C2AD45F300092C3B5 /* Build configuration list for PBXNativeTarget "StoryWingsUITests" */;
			buildPhases = (
				D7B9DA382AD45F300092C3B5 /* Sources */,
				D7B9DA392AD45F300092C3B5 /* Frameworks */,
				D7B9DA3A2AD45F300092C3B5 /* Resources */,
			);
			buildRules = (
			);
			dependencies = (
				D7B9DA3E2AD45F300092C3B5 /* PBXTargetDependency */,
			);
			name = StoryWingsUITests;
			productName = StoryWingsUITests;
			productReference = D7B9DA3C2AD45F300092C3B5 /* StoryWingsUITests.xctest */;
			productType = "com.apple.product-type.bundle.ui-testing";
		};
/* End PBXNativeTarget section */

/* Begin PBXProject section */
		D7B9DA142AD45F2F0092C3B5 /* Project object */ = {
			isa = PBXProject;
			attributes = {
				BuildIndependentTargetsInParallel = 1;
				LastSwiftUpdateCheck = 1420;
				LastUpgradeCheck = 1420;
				TargetAttributes = {
					D7B9DA1B2AD45F2F0092C3B5 = {
						CreatedOnToolsVersion = 14.2;
					};
					D7B9DA312AD45F300092C3B5 = {
						CreatedOnToolsVersion = 14.2;
						TestTargetID = D7B9DA1B2AD45F2F0092C3B5;
					};
					D7B9DA3B2AD45F300092C3B5 = {
						CreatedOnToolsVersion = 14.2;
						TestTargetID = D7B9DA1B2AD45F2F0092C3B5;
					};
				};
			};
			buildConfigurationList = D7B9DA172AD45F2F0092C3B5 /* Build configuration list for PBXProject "StoryWings" */;
			compatibilityVersion = "Xcode 14.0";
			developmentRegion = en;
			hasScannedForEncodings = 0;
			knownRegions = (
				en,
				Base,
			);
			mainGroup = D7B9DA132AD45F2F0092C3B5;
			productRefGroup = D7B9DA1D2AD45F2F0092C3B5 /* Products */;
			projectDirPath = "";
			projectRoot = "";
			targets = (
				D7B9DA1B2AD45F2F0092C3B5 /* StoryWings */,
				D7B9DA312AD45F300092C3B5 /* StoryWingsTests */,
				D7B9DA3B2AD45F300092C3B5 /* StoryWingsUITests */,
			);
		};
/* End PBXProject section */

/* Begin PBXResourcesBuildPhase section */
		D7B9DA1A2AD45F2F0092C3B5 /* Resources */ = {
			isa = PBXResourcesBuildPhase;
			buildActionMask = 2147483647;
			files = (
				D7B9DA2C2AD45F2F0092C3B5 /* LaunchScreen.storyboard in Resources */,
				D7B9DA292AD45F2F0092C3B5 /* Assets.xcassets in Resources */,
				D7B9DA272AD45F2F0092C3B5 /* Main.storyboard in Resources */,
			);
			runOnlyForDeploymentPostprocessing = 0;
		};
		D7B9DA302AD45F300092C3B5 /* Resources */ = {
			isa = PBXResourcesBuildPhase;
			buildActionMask = 2147483647;
			files = (
			);
			runOnlyForDeploymentPostprocessing = 0;
		};
		D7B9DA3A2AD45F300092C3B5 /* Resources */ = {
			isa = PBXResourcesBuildPhase;
			buildActionMask = 2147483647;
			files = (
			);
			runOnlyForDeploymentPostprocessing = 0;
		};
/* End PBXResourcesBuildPhase section */

/* Begin PBXSourcesBuildPhase section */
		D7B9DA182AD45F2F0092C3B5 /* Sources */ = {
			isa = PBXSourcesBuildPhase;
			buildActionMask = 2147483647;
			files = (
				D7B9DA242AD45F2F0092C3B5 /* ViewController.swift in Sources */,
				D7B9DA202AD45F2F0092C3B5 /* AppDelegate.swift in Sources */,
				D7B9DA222AD45F2F0092C3B5 /* SceneDelegate.swift in Sources */,
				D7E510022AD9018B00A1A445 /* FirstViewController.swift in Sources */,
			);
			runOnlyForDeploymentPostprocessing = 0;
		};
		D7B9DA2E2AD45F300092C3B5 /* Sources */ = {
			isa = PBXSourcesBuildPhase;
			buildActionMask = 2147483647;
			files = (
				D7B9DA372AD45F300092C3B5 /* StoryWingsTests.swift in Sources */,
			);
			runOnlyForDeploymentPostprocessing = 0;
		};
		D7B9DA382AD45F300092C3B5 /* Sources */ = {
			isa = PBXSourcesBuildPhase;
			buildActionMask = 2147483647;
			files = (
				D7B9DA412AD45F300092C3B5 /* StoryWingsUITests.swift in Sources */,
				D7B9DA432AD45F300092C3B5 /* StoryWingsUITestsLaunchTests.swift in Sources */,
			);
			runOnlyForDeploymentPostprocessing = 0;
		};
/* End PBXSourcesBuildPhase section */

/* Begin PBXTargetDependency section */
		D7B9DA342AD45F300092C3B5 /* PBXTargetDependency */ = {
			isa = PBXTargetDependency;
			target = D7B9DA1B2AD45F2F0092C3B5 /* StoryWings */;
			targetProxy = D7B9DA332AD45F300092C3B5 /* PBXContainerItemProxy */;
		};
		D7B9DA3E2AD45F300092C3B5 /* PBXTargetDependency */ = {
			isa = PBXTargetDependency;
			target = D7B9DA1B2AD45F2F0092C3B5 /* StoryWings */;
			targetProxy = D7B9DA3D2AD45F300092C3B5 /* PBXContainerItemProxy */;
		};
/* End PBXTargetDependency section */

/* Begin PBXVariantGroup section */
		D7B9DA252AD45F2F0092C3B5 /* Main.storyboard */ = {
			isa = PBXVariantGroup;
			children = (
				D7B9DA262AD45F2F0092C3B5 /* Base */,
			);
			name = Main.storyboard;
			sourceTree = "<group>";
		};
		D7B9DA2A2AD45F2F0092C3B5 /* LaunchScreen.storyboard */ = {
			isa = PBXVariantGroup;
			children = (
				D7B9DA2B2AD45F2F0092C3B5 /* Base */,
			);
			name = LaunchScreen.storyboard;
			sourceTree = "<group>";
		};
/* End PBXVariantGroup section */

/* Begin XCBuildConfiguration section */
		D7B9DA442AD45F300092C3B5 /* Debug */ = {
			isa = XCBuildConfiguration;
			buildSettings = {
				ALWAYS_SEARCH_USER_PATHS = NO;
				CLANG_ANALYZER_NONNULL = YES;
				CLANG_ANALYZER_NUMBER_OBJECT_CONVERSION = YES_AGGRESSIVE;
				CLANG_CXX_LANGUAGE_STANDARD = "gnu++20";
				CLANG_ENABLE_MODULES = YES;
				CLANG_ENABLE_OBJC_ARC = YES;
				CLANG_ENABLE_OBJC_WEAK = YES;
				CLANG_WARN_BLOCK_CAPTURE_AUTORELEASING = YES;
				CLANG_WARN_BOOL_CONVERSION = YES;
				CLANG_WARN_COMMA = YES;
				CLANG_WARN_CONSTANT_CONVERSION = YES;
				CLANG_WARN_DEPRECATED_OBJC_IMPLEMENTATIONS = YES;
				CLANG_WARN_DIRECT_OBJC_ISA_USAGE = YES_ERROR;
				CLANG_WARN_DOCUMENTATION_COMMENTS = YES;
				CLANG_WARN_EMPTY_BODY = YES;
				CLANG_WARN_ENUM_CONVERSION = YES;
				CLANG_WARN_INFINITE_RECURSION = YES;
				CLANG_WARN_INT_CONVERSION = YES;
				CLANG_WARN_NON_LITERAL_NULL_CONVERSION = YES;
				CLANG_WARN_OBJC_IMPLICIT_RETAIN_SELF = YES;
				CLANG_WARN_OBJC_LITERAL_CONVERSION = YES;
				CLANG_WARN_OBJC_ROOT_CLASS = YES_ERROR;
				CLANG_WARN_QUOTED_INCLUDE_IN_FRAMEWORK_HEADER = YES;
				CLANG_WARN_RANGE_LOOP_ANALYSIS = YES;
				CLANG_WARN_STRICT_PROTOTYPES = YES;
				CLANG_WARN_SUSPICIOUS_MOVE = YES;
				CLANG_WARN_UNGUARDED_AVAILABILITY = YES_AGGRESSIVE;
				CLANG_WARN_UNREACHABLE_CODE = YES;
				CLANG_WARN__DUPLICATE_METHOD_MATCH = YES;
				COPY_PHASE_STRIP = NO;
				DEBUG_INFORMATION_FORMAT = dwarf;
				ENABLE_STRICT_OBJC_MSGSEND = YES;
				ENABLE_TESTABILITY = YES;
				GCC_C_LANGUAGE_STANDARD = gnu11;
				GCC_DYNAMIC_NO_PIC = NO;
				GCC_NO_COMMON_BLOCKS = YES;
				GCC_OPTIMIZATION_LEVEL = 0;
				GCC_PREPROCESSOR_DEFINITIONS = (
					"DEBUG=1",
					"$(inherited)",
				);
				GCC_WARN_64_TO_32_BIT_CONVERSION = YES;
				GCC_WARN_ABOUT_RETURN_TYPE = YES_ERROR;
				GCC_WARN_UNDECLARED_SELECTOR = YES;
				GCC_WARN_UNINITIALIZED_AUTOS = YES_AGGRESSIVE;
				GCC_WARN_UNUSED_FUNCTION = YES;
				GCC_WARN_UNUSED_VARIABLE = YES;
				IPHONEOS_DEPLOYMENT_TARGET = 16.2;
				MTL_ENABLE_DEBUG_INFO = INCLUDE_SOURCE;
				MTL_FAST_MATH = YES;
				ONLY_ACTIVE_ARCH = YES;
				SDKROOT = iphoneos;
				SWIFT_ACTIVE_COMPILATION_CONDITIONS = DEBUG;
				SWIFT_OPTIMIZATION_LEVEL = "-Onone";
			};
			name = Debug;
		};
		D7B9DA452AD45F300092C3B5 /* Release */ = {
			isa = XCBuildConfiguration;
			buildSettings = {
				ALWAYS_SEARCH_USER_PATHS = NO;
				CLANG_ANALYZER_NONNULL = YES;
				CLANG_ANALYZER_NUMBER_OBJECT_CONVERSION = YES_AGGRESSIVE;
				CLANG_CXX_LANGUAGE_STANDARD = "gnu++20";
				CLANG_ENABLE_MODULES = YES;
				CLANG_ENABLE_OBJC_ARC = YES;
				CLANG_ENABLE_OBJC_WEAK = YES;
				CLANG_WARN_BLOCK_CAPTURE_AUTORELEASING = YES;
				CLANG_WARN_BOOL_CONVERSION = YES;
				CLANG_WARN_COMMA = YES;
				CLANG_WARN_CONSTANT_CONVERSION = YES;
				CLANG_WARN_DEPRECATED_OBJC_IMPLEMENTATIONS = YES;
				CLANG_WARN_DIRECT_OBJC_ISA_USAGE = YES_ERROR;
				CLANG_WARN_DOCUMENTATION_COMMENTS = YES;
				CLANG_WARN_EMPTY_BODY = YES;
				CLANG_WARN_ENUM_CONVERSION = YES;
				CLANG_WARN_INFINITE_RECURSION = YES;
				CLANG_WARN_INT_CONVERSION = YES;
				CLANG_WARN_NON_LITERAL_NULL_CONVERSION = YES;
				CLANG_WARN_OBJC_IMPLICIT_RETAIN_SELF = YES;
				CLANG_WARN_OBJC_LITERAL_CONVERSION = YES;
				CLANG_WARN_OBJC_ROOT_CLASS = YES_ERROR;
				CLANG_WARN_QUOTED_INCLUDE_IN_FRAMEWORK_HEADER = YES;
				CLANG_WARN_RANGE_LOOP_ANALYSIS = YES;
				CLANG_WARN_STRICT_PROTOTYPES = YES;
				CLANG_WARN_SUSPICIOUS_MOVE = YES;
				CLANG_WARN_UNGUARDED_AVAILABILITY = YES_AGGRESSIVE;
				CLANG_WARN_UNREACHABLE_CODE = YES;
				CLANG_WARN__DUPLICATE_METHOD_MATCH = YES;
				COPY_PHASE_STRIP = NO;
				DEBUG_INFORMATION_FORMAT = "dwarf-with-dsym";
				ENABLE_NS_ASSERTIONS = NO;
				ENABLE_STRICT_OBJC_MSGSEND = YES;
				GCC_C_LANGUAGE_STANDARD = gnu11;
				GCC_NO_COMMON_BLOCKS = YES;
				GCC_WARN_64_TO_32_BIT_CONVERSION = YES;
				GCC_WARN_ABOUT_RETURN_TYPE = YES_ERROR;
				GCC_WARN_UNDECLARED_SELECTOR = YES;
				GCC_WARN_UNINITIALIZED_AUTOS = YES_AGGRESSIVE;
				GCC_WARN_UNUSED_FUNCTION = YES;
				GCC_WARN_UNUSED_VARIABLE = YES;
				IPHONEOS_DEPLOYMENT_TARGET = 16.2;
				MTL_ENABLE_DEBUG_INFO = NO;
				MTL_FAST_MATH = YES;
				SDKROOT = iphoneos;
				SWIFT_COMPILATION_MODE = wholemodule;
				SWIFT_OPTIMIZATION_LEVEL = "-O";
				VALIDATE_PRODUCT = YES;
			};
			name = Release;
		};
		D7B9DA472AD45F300092C3B5 /* Debug */ = {
			isa = XCBuildConfiguration;
			buildSettings = {
				ASSETCATALOG_COMPILER_APPICON_NAME = AppIcon;
				ASSETCATALOG_COMPILER_GLOBAL_ACCENT_COLOR_NAME = AccentColor;
				CODE_SIGN_STYLE = Automatic;
				CURRENT_PROJECT_VERSION = 1;
				GENERATE_INFOPLIST_FILE = YES;
				INFOPLIST_FILE = StoryWings/Info.plist;
				INFOPLIST_KEY_UIApplicationSupportsIndirectInputEvents = YES;
				INFOPLIST_KEY_UILaunchStoryboardName = LaunchScreen;
				INFOPLIST_KEY_UIMainStoryboardFile = Main;
				INFOPLIST_KEY_UISupportedInterfaceOrientations_iPad = "UIInterfaceOrientationPortrait UIInterfaceOrientationPortraitUpsideDown UIInterfaceOrientationLandscapeLeft UIInterfaceOrientationLandscapeRight";
				INFOPLIST_KEY_UISupportedInterfaceOrientations_iPhone = "UIInterfaceOrientationPortrait UIInterfaceOrientationLandscapeLeft UIInterfaceOrientationLandscapeRight";
				LD_RUNPATH_SEARCH_PATHS = (
					"$(inherited)",
					"@executable_path/Frameworks",
				);
				MARKETING_VERSION = 1.0;
				PRODUCT_BUNDLE_IDENTIFIER = com.conestoga.StoryWings;
				PRODUCT_NAME = "$(TARGET_NAME)";
				SWIFT_EMIT_LOC_STRINGS = YES;
				SWIFT_VERSION = 5.0;
				TARGETED_DEVICE_FAMILY = "1,2";
			};
			name = Debug;
		};
		D7B9DA482AD45F300092C3B5 /* Release */ = {
			isa = XCBuildConfiguration;
			buildSettings = {
				ASSETCATALOG_COMPILER_APPICON_NAME = AppIcon;
				ASSETCATALOG_COMPILER_GLOBAL_ACCENT_COLOR_NAME = AccentColor;
				CODE_SIGN_STYLE = Automatic;
				CURRENT_PROJECT_VERSION = 1;
				GENERATE_INFOPLIST_FILE = YES;
				INFOPLIST_FILE = StoryWings/Info.plist;
				INFOPLIST_KEY_UIApplicationSupportsIndirectInputEvents = YES;
				INFOPLIST_KEY_UILaunchStoryboardName = LaunchScreen;
				INFOPLIST_KEY_UIMainStoryboardFile = Main;
				INFOPLIST_KEY_UISupportedInterfaceOrientations_iPad = "UIInterfaceOrientationPortrait UIInterfaceOrientationPortraitUpsideDown UIInterfaceOrientationLandscapeLeft UIInterfaceOrientationLandscapeRight";
				INFOPLIST_KEY_UISupportedInterfaceOrientations_iPhone = "UIInterfaceOrientationPortrait UIInterfaceOrientationLandscapeLeft UIInterfaceOrientationLandscapeRight";
				LD_RUNPATH_SEARCH_PATHS = (
					"$(inherited)",
					"@executable_path/Frameworks",
				);
				MARKETING_VERSION = 1.0;
				PRODUCT_BUNDLE_IDENTIFIER = com.conestoga.StoryWings;
				PRODUCT_NAME = "$(TARGET_NAME)";
				SWIFT_EMIT_LOC_STRINGS = YES;
				SWIFT_VERSION = 5.0;
				TARGETED_DEVICE_FAMILY = "1,2";
			};
			name = Release;
		};
		D7B9DA4A2AD45F300092C3B5 /* Debug */ = {
			isa = XCBuildConfiguration;
			buildSettings = {
				ALWAYS_EMBED_SWIFT_STANDARD_LIBRARIES = YES;
				BUNDLE_LOADER = "$(TEST_HOST)";
				CODE_SIGN_STYLE = Automatic;
				CURRENT_PROJECT_VERSION = 1;
				GENERATE_INFOPLIST_FILE = YES;
				IPHONEOS_DEPLOYMENT_TARGET = 16.2;
				MARKETING_VERSION = 1.0;
				PRODUCT_BUNDLE_IDENTIFIER = com.conestoga.StoryWingsTests;
				PRODUCT_NAME = "$(TARGET_NAME)";
				SWIFT_EMIT_LOC_STRINGS = NO;
				SWIFT_VERSION = 5.0;
				TARGETED_DEVICE_FAMILY = "1,2";
				TEST_HOST = "$(BUILT_PRODUCTS_DIR)/StoryWings.app/$(BUNDLE_EXECUTABLE_FOLDER_PATH)/StoryWings";
			};
			name = Debug;
		};
		D7B9DA4B2AD45F300092C3B5 /* Release */ = {
			isa = XCBuildConfiguration;
			buildSettings = {
				ALWAYS_EMBED_SWIFT_STANDARD_LIBRARIES = YES;
				BUNDLE_LOADER = "$(TEST_HOST)";
				CODE_SIGN_STYLE = Automatic;
				CURRENT_PROJECT_VERSION = 1;
				GENERATE_INFOPLIST_FILE = YES;
				IPHONEOS_DEPLOYMENT_TARGET = 16.2;
				MARKETING_VERSION = 1.0;
				PRODUCT_BUNDLE_IDENTIFIER = com.conestoga.StoryWingsTests;
				PRODUCT_NAME = "$(TARGET_NAME)";
				SWIFT_EMIT_LOC_STRINGS = NO;
				SWIFT_VERSION = 5.0;
				TARGETED_DEVICE_FAMILY = "1,2";
				TEST_HOST = "$(BUILT_PRODUCTS_DIR)/StoryWings.app/$(BUNDLE_EXECUTABLE_FOLDER_PATH)/StoryWings";
			};
			name = Release;
		};
		D7B9DA4D2AD45F300092C3B5 /* Debug */ = {
			isa = XCBuildConfiguration;
			buildSettings = {
				ALWAYS_EMBED_SWIFT_STANDARD_LIBRARIES = YES;
				CODE_SIGN_STYLE = Automatic;
				CURRENT_PROJECT_VERSION = 1;
				GENERATE_INFOPLIST_FILE = YES;
				MARKETING_VERSION = 1.0;
				PRODUCT_BUNDLE_IDENTIFIER = com.conestoga.StoryWingsUITests;
				PRODUCT_NAME = "$(TARGET_NAME)";
				SWIFT_EMIT_LOC_STRINGS = NO;
				SWIFT_VERSION = 5.0;
				TARGETED_DEVICE_FAMILY = "1,2";
				TEST_TARGET_NAME = StoryWings;
			};
			name = Debug;
		};
		D7B9DA4E2AD45F300092C3B5 /* Release */ = {
			isa = XCBuildConfiguration;
			buildSettings = {
				ALWAYS_EMBED_SWIFT_STANDARD_LIBRARIES = YES;
				CODE_SIGN_STYLE = Automatic;
				CURRENT_PROJECT_VERSION = 1;
				GENERATE_INFOPLIST_FILE = YES;
				MARKETING_VERSION = 1.0;
				PRODUCT_BUNDLE_IDENTIFIER = com.conestoga.StoryWingsUITests;
				PRODUCT_NAME = "$(TARGET_NAME)";
				SWIFT_EMIT_LOC_STRINGS = NO;
				SWIFT_VERSION = 5.0;
				TARGETED_DEVICE_FAMILY = "1,2";
				TEST_TARGET_NAME = StoryWings;
			};
			name = Release;
		};
/* End XCBuildConfiguration section */

/* Begin XCConfigurationList section */
		D7B9DA172AD45F2F0092C3B5 /* Build configuration list for PBXProject "StoryWings" */ = {
			isa = XCConfigurationList;
			buildConfigurations = (
				D7B9DA442AD45F300092C3B5 /* Debug */,
				D7B9DA452AD45F300092C3B5 /* Release */,
			);
			defaultConfigurationIsVisible = 0;
			defaultConfigurationName = Release;
		};
		D7B9DA462AD45F300092C3B5 /* Build configuration list for PBXNativeTarget "StoryWings" */ = {
			isa = XCConfigurationList;
			buildConfigurations = (
				D7B9DA472AD45F300092C3B5 /* Debug */,
				D7B9DA482AD45F300092C3B5 /* Release */,
			);
			defaultConfigurationIsVisible = 0;
			defaultConfigurationName = Release;
		};
		D7B9DA492AD45F300092C3B5 /* Build configuration list for PBXNativeTarget "StoryWingsTests" */ = {
			isa = XCConfigurationList;
			buildConfigurations = (
				D7B9DA4A2AD45F300092C3B5 /* Debug */,
				D7B9DA4B2AD45F300092C3B5 /* Release */,
			);
			defaultConfigurationIsVisible = 0;
			defaultConfigurationName = Release;
		};
		D7B9DA4C2AD45F300092C3B5 /* Build configuration list for PBXNativeTarget "StoryWingsUITests" */ = {
			isa = XCConfigurationList;
			buildConfigurations = (
				D7B9DA4D2AD45F300092C3B5 /* Debug */,
				D7B9DA4E2AD45F300092C3B5 /* Release */,
			);
			defaultConfigurationIsVisible = 0;
			defaultConfigurationName = Release;
		};
/* End XCConfigurationList section */
	};
	rootObject = D7B9DA142AD45F2F0092C3B5 /* Project object */;
}
